
Microsoft Visual Studio Solution File, Format Version 12.00
# Visual Studio Version 17
VisualStudioVersion = 17.7.34031.279
MinimumVisualStudioVersion = 10.0.40219.1
Project("{FAE04EC0-301F-11D3-BF4B-00C04F79EFBC}") = "demodatatype", "demodatatype\demodatatype.csproj", "{7FCF02BB-49FE-4116-9B5B-FBBB33EB565C}"
EndProject
Global
	GlobalSection(SolutionConfigurationPlatforms) = preSolution
		Debug|Any CPU = Debug|Any CPU
		Release|Any CPU = Release|Any CPU
	EndGlobalSection
	GlobalSection(ProjectConfigurationPlatforms) = postSolution
		{7FCF02BB-49FE-4116-9B5B-FBBB33EB565C}.Debug|Any CPU.ActiveCfg = Debug|Any CPU
		{7FCF02BB-49FE-4116-9B5B-FBBB33EB565C}.Debug|Any CPU.Build.0 = Debug|Any CPU
		{7FCF02BB-49FE-4116-9B5B-FBBB33EB565C}.Release|Any CPU.ActiveCfg = Release|Any CPU
		{7FCF02BB-49FE-4116-9B5B-FBBB33EB565C}.Release|Any CPU.Build.0 = Release|Any CPU
	EndGlobalSection
	GlobalSection(SolutionProperties) = preSolution
		HideSolutionNode = FALSE
	EndGlobalSection
	GlobalSection(ExtensibilityGlobals) = postSolution
		SolutionGuid = {44A287EE-F32A-4E4C-9855-7014D0B14AFE}
	EndGlobalSection
EndGlobal
